
Microsoft Visual Studio Solution File, Format Version 12.00
# Visual Studio Version 16
VisualStudioVersion = 16.0.29920.165
MinimumVisualStudioVersion = 10.0.40219.1
Project("{9A19103F-16F7-4668-BE54-9A1E7A4F7556}") = "Person.API", "Person.API\Person.API.csproj", "{9C6A9EB1-29D5-40DB-90A9-50189844A204}"
EndProject
Project("{9A19103F-16F7-4668-BE54-9A1E7A4F7556}") = "Person.Domain", "Person.Domain\Person.Domain.csproj", "{2B7E3B5A-1AD8-49F7-A8CA-23CAA2F3B4FB}"
EndProject
Project("{9A19103F-16F7-4668-BE54-9A1E7A4F7556}") = "Person.Repository", "Person.Repository\Person.Repository.csproj", "{B44DBACA-FD1A-445A-8311-1B4D30306183}"
EndProject
Project("{9A19103F-16F7-4668-BE54-9A1E7A4F7556}") = "Person.Application", "Person.Application\Person.Application.csproj", "{D886A4DD-0B0F-4432-9322-19A42627D5F4}"
EndProject
Project("{FAE04EC0-301F-11D3-BF4B-00C04F79EFBC}") = "Person.Bootstrap", "Person.Bootstrap\Person.Bootstrap.csproj", "{93C28C6F-4062-4ACB-B2B4-9650B99AB2FE}"
EndProject
Global
	GlobalSection(SolutionConfigurationPlatforms) = preSolution
		Debug|Any CPU = Debug|Any CPU
		Release|Any CPU = Release|Any CPU
	EndGlobalSection
	GlobalSection(ProjectConfigurationPlatforms) = postSolution
		{9C6A9EB1-29D5-40DB-90A9-50189844A204}.Debug|Any CPU.ActiveCfg = Debug|Any CPU
		{9C6A9EB1-29D5-40DB-90A9-50189844A204}.Debug|Any CPU.Build.0 = Debug|Any CPU
		{9C6A9EB1-29D5-40DB-90A9-50189844A204}.Release|Any CPU.ActiveCfg = Release|Any CPU
		{9C6A9EB1-29D5-40DB-90A9-50189844A204}.Release|Any CPU.Build.0 = Release|Any CPU
		{2B7E3B5A-1AD8-49F7-A8CA-23CAA2F3B4FB}.Debug|Any CPU.ActiveCfg = Debug|Any CPU
		{2B7E3B5A-1AD8-49F7-A8CA-23CAA2F3B4FB}.Debug|Any CPU.Build.0 = Debug|Any CPU
		{2B7E3B5A-1AD8-49F7-A8CA-23CAA2F3B4FB}.Release|Any CPU.ActiveCfg = Release|Any CPU
		{2B7E3B5A-1AD8-49F7-A8CA-23CAA2F3B4FB}.Release|Any CPU.Build.0 = Release|Any CPU
		{B44DBACA-FD1A-445A-8311-1B4D30306183}.Debug|Any CPU.ActiveCfg = Debug|Any CPU
		{B44DBACA-FD1A-445A-8311-1B4D30306183}.Debug|Any CPU.Build.0 = Debug|Any CPU
		{B44DBACA-FD1A-445A-8311-1B4D30306183}.Release|Any CPU.ActiveCfg = Release|Any CPU
		{B44DBACA-FD1A-445A-8311-1B4D30306183}.Release|Any CPU.Build.0 = Release|Any CPU
		{D886A4DD-0B0F-4432-9322-19A42627D5F4}.Debug|Any CPU.ActiveCfg = Debug|Any CPU
		{D886A4DD-0B0F-4432-9322-19A42627D5F4}.Debug|Any CPU.Build.0 = Debug|Any CPU
		{D886A4DD-0B0F-4432-9322-19A42627D5F4}.Release|Any CPU.ActiveCfg = Release|Any CPU
		{D886A4DD-0B0F-4432-9322-19A42627D5F4}.Release|Any CPU.Build.0 = Release|Any CPU
		{93C28C6F-4062-4ACB-B2B4-9650B99AB2FE}.Debug|Any CPU.ActiveCfg = Debug|Any CPU
		{93C28C6F-4062-4ACB-B2B4-9650B99AB2FE}.Debug|Any CPU.Build.0 = Debug|Any CPU
		{93C28C6F-4062-4ACB-B2B4-9650B99AB2FE}.Release|Any CPU.ActiveCfg = Release|Any CPU
		{93C28C6F-4062-4ACB-B2B4-9650B99AB2FE}.Release|Any CPU.Build.0 = Release|Any CPU
	EndGlobalSection
	GlobalSection(SolutionProperties) = preSolution
		HideSolutionNode = FALSE
	EndGlobalSection
	GlobalSection(ExtensibilityGlobals) = postSolution
		SolutionGuid = {9A623683-2C28-43C9-A317-E8FB0A35D18A}
	EndGlobalSection
EndGlobal
